
Microsoft Visual Studio Solution File, Format Version 12.00
# Visual Studio 14
VisualStudioVersion = 14.0.25420.1
MinimumVisualStudioVersion = 10.0.40219.1
Project("{FAE04EC0-301F-11D3-BF4B-00C04F79EFBC}") = "CustomColorsNavigationPage.Android", "CustomColorsNavigationPage\CustomColorsNavigationPage.Android\CustomColorsNavigationPage.Android.csproj", "{8D9D9277-E521-4F7E-B5E6-39A9C0D5FABF}"
EndProject
Project("{FAE04EC0-301F-11D3-BF4B-00C04F79EFBC}") = "CustomColorsNavigationPage", "CustomColorsNavigationPage\CustomColorsNavigationPage\CustomColorsNavigationPage.csproj", "{CF8082EA-7133-4F49-BBE9-B4A9DE4272AC}"
EndProject
Project("{FAE04EC0-301F-11D3-BF4B-00C04F79EFBC}") = "CustomColorsNavigationPage.UWP", "CustomColorsNavigationPage\CustomColorsNavigationPage.UWP\CustomColorsNavigationPage.UWP.csproj", "{634D2BE1-0192-494A-9786-1CE3251EE244}"
EndProject
Project("{FAE04EC0-301F-11D3-BF4B-00C04F79EFBC}") = "CustomColorsNavigationPage.iOS", "CustomColorsNavigationPage\CustomColorsNavigationPage.iOS\CustomColorsNavigationPage.iOS.csproj", "{FF2A74E2-20D9-46F4-AE0C-A8C1D8582B16}"
EndProject
Global
	GlobalSection(SolutionConfigurationPlatforms) = preSolution
		Ad-Hoc|Any CPU = Ad-Hoc|Any CPU
		Ad-Hoc|ARM = Ad-Hoc|ARM
		Ad-Hoc|iPhone = Ad-Hoc|iPhone
		Ad-Hoc|iPhoneSimulator = Ad-Hoc|iPhoneSimulator
		Ad-Hoc|x64 = Ad-Hoc|x64
		Ad-Hoc|x86 = Ad-Hoc|x86
		AppStore|Any CPU = AppStore|Any CPU
		AppStore|ARM = AppStore|ARM
		AppStore|iPhone = AppStore|iPhone
		AppStore|iPhoneSimulator = AppStore|iPhoneSimulator
		AppStore|x64 = AppStore|x64
		AppStore|x86 = AppStore|x86
		Debug|Any CPU = Debug|Any CPU
		Debug|ARM = Debug|ARM
		Debug|iPhone = Debug|iPhone
		Debug|iPhoneSimulator = Debug|iPhoneSimulator
		Debug|x64 = Debug|x64
		Debug|x86 = Debug|x86
		Release|Any CPU = Release|Any CPU
		Release|ARM = Release|ARM
		Release|iPhone = Release|iPhone
		Release|iPhoneSimulator = Release|iPhoneSimulator
		Release|x64 = Release|x64
		Release|x86 = Release|x86
	EndGlobalSection
	GlobalSection(ProjectConfigurationPlatforms) = postSolution
		{8D9D9277-E521-4F7E-B5E6-39A9C0D5FABF}.Ad-Hoc|Any CPU.ActiveCfg = Release|Any CPU
		{8D9D9277-E521-4F7E-B5E6-39A9C0D5FABF}.Ad-Hoc|Any CPU.Build.0 = Release|Any CPU
		{8D9D9277-E521-4F7E-B5E6-39A9C0D5FABF}.Ad-Hoc|Any CPU.Deploy.0 = Release|Any CPU
		{8D9D9277-E521-4F7E-B5E6-39A9C0D5FABF}.Ad-Hoc|ARM.ActiveCfg = Release|Any CPU
		{8D9D9277-E521-4F7E-B5E6-39A9C0D5FABF}.Ad-Hoc|ARM.Build.0 = Release|Any CPU
		{8D9D9277-E521-4F7E-B5E6-39A9C0D5FABF}.Ad-Hoc|ARM.Deploy.0 = Release|Any CPU
		{8D9D9277-E521-4F7E-B5E6-39A9C0D5FABF}.Ad-Hoc|iPhone.ActiveCfg = Release|Any CPU
		{8D9D9277-E521-4F7E-B5E6-39A9C0D5FABF}.Ad-Hoc|iPhone.Build.0 = Release|Any CPU
		{8D9D9277-E521-4F7E-B5E6-39A9C0D5FABF}.Ad-Hoc|iPhone.Deploy.0 = Release|Any CPU
		{8D9D9277-E521-4F7E-B5E6-39A9C0D5FABF}.Ad-Hoc|iPhoneSimulator.ActiveCfg = Release|Any CPU
		{8D9D9277-E521-4F7E-B5E6-39A9C0D5FABF}.Ad-Hoc|iPhoneSimulator.Build.0 = Release|Any CPU
		{8D9D9277-E521-4F7E-B5E6-39A9C0D5FABF}.Ad-Hoc|iPhoneSimulator.Deploy.0 = Release|Any CPU
		{8D9D9277-E521-4F7E-B5E6-39A9C0D5FABF}.Ad-Hoc|x64.ActiveCfg = Release|Any CPU
		{8D9D9277-E521-4F7E-B5E6-39A9C0D5FABF}.Ad-Hoc|x64.Build.0 = Release|Any CPU
		{8D9D9277-E521-4F7E-B5E6-39A9C0D5FABF}.Ad-Hoc|x64.Deploy.0 = Release|Any CPU
		{8D9D9277-E521-4F7E-B5E6-39A9C0D5FABF}.Ad-Hoc|x86.ActiveCfg = Release|Any CPU
		{8D9D9277-E521-4F7E-B5E6-39A9C0D5FABF}.Ad-Hoc|x86.Build.0 = Release|Any CPU
		{8D9D9277-E521-4F7E-B5E6-39A9C0D5FABF}.Ad-Hoc|x86.Deploy.0 = Release|Any CPU
		{8D9D9277-E521-4F7E-B5E6-39A9C0D5FABF}.AppStore|Any CPU.ActiveCfg = Release|Any CPU
		{8D9D9277-E521-4F7E-B5E6-39A9C0D5FABF}.AppStore|Any CPU.Build.0 = Release|Any CPU
		{8D9D9277-E521-4F7E-B5E6-39A9C0D5FABF}.AppStore|Any CPU.Deploy.0 = Release|Any CPU
		{8D9D9277-E521-4F7E-B5E6-39A9C0D5FABF}.AppStore|ARM.ActiveCfg = Release|Any CPU
		{8D9D9277-E521-4F7E-B5E6-39A9C0D5FABF}.AppStore|ARM.Build.0 = Release|Any CPU
		{8D9D9277-E521-4F7E-B5E6-39A9C0D5FABF}.AppStore|ARM.Deploy.0 = Release|Any CPU
		{8D9D9277-E521-4F7E-B5E6-39A9C0D5FABF}.AppStore|iPhone.ActiveCfg = Release|Any CPU
		{8D9D9277-E521-4F7E-B5E6-39A9C0D5FABF}.AppStore|iPhone.Build.0 = Release|Any CPU
		{8D9D9277-E521-4F7E-B5E6-39A9C0D5FABF}.AppStore|iPhone.Deploy.0 = Release|Any CPU
		{8D9D9277-E521-4F7E-B5E6-39A9C0D5FABF}.AppStore|iPhoneSimulator.ActiveCfg = Release|Any CPU
		{8D9D9277-E521-4F7E-B5E6-39A9C0D5FABF}.AppStore|iPhoneSimulator.Build.0 = Release|Any CPU
		{8D9D9277-E521-4F7E-B5E6-39A9C0D5FABF}.AppStore|iPhoneSimulator.Deploy.0 = Release|Any CPU
		{8D9D9277-E521-4F7E-B5E6-39A9C0D5FABF}.AppStore|x64.ActiveCfg = Release|Any CPU
		{8D9D9277-E521-4F7E-B5E6-39A9C0D5FABF}.AppStore|x64.Build.0 = Release|Any CPU
		{8D9D9277-E521-4F7E-B5E6-39A9C0D5FABF}.AppStore|x64.Deploy.0 = Release|Any CPU
		{8D9D9277-E521-4F7E-B5E6-39A9C0D5FABF}.AppStore|x86.ActiveCfg = Release|Any CPU
		{8D9D9277-E521-4F7E-B5E6-39A9C0D5FABF}.AppStore|x86.Build.0 = Release|Any CPU
		{8D9D9277-E521-4F7E-B5E6-39A9C0D5FABF}.AppStore|x86.Deploy.0 = Release|Any CPU
		{8D9D9277-E521-4F7E-B5E6-39A9C0D5FABF}.Debug|Any CPU.ActiveCfg = Debug|Any CPU
		{8D9D9277-E521-4F7E-B5E6-39A9C0D5FABF}.Debug|Any CPU.Build.0 = Debug|Any CPU
		{8D9D9277-E521-4F7E-B5E6-39A9C0D5FABF}.Debug|Any CPU.Deploy.0 = Debug|Any CPU
		{8D9D9277-E521-4F7E-B5E6-39A9C0D5FABF}.Debug|ARM.ActiveCfg = Debug|Any CPU
		{8D9D9277-E521-4F7E-B5E6-39A9C0D5FABF}.Debug|ARM.Build.0 = Debug|Any CPU
		{8D9D9277-E521-4F7E-B5E6-39A9C0D5FABF}.Debug|ARM.Deploy.0 = Debug|Any CPU
		{8D9D9277-E521-4F7E-B5E6-39A9C0D5FABF}.Debug|iPhone.ActiveCfg = Debug|Any CPU
		{8D9D9277-E521-4F7E-B5E6-39A9C0D5FABF}.Debug|iPhone.Build.0 = Debug|Any CPU
		{8D9D9277-E521-4F7E-B5E6-39A9C0D5FABF}.Debug|iPhone.Deploy.0 = Debug|Any CPU
		{8D9D9277-E521-4F7E-B5E6-39A9C0D5FABF}.Debug|iPhoneSimulator.ActiveCfg = Debug|Any CPU
		{8D9D9277-E521-4F7E-B5E6-39A9C0D5FABF}.Debug|iPhoneSimulator.Build.0 = Debug|Any CPU
		{8D9D9277-E521-4F7E-B5E6-39A9C0D5FABF}.Debug|iPhoneSimulator.Deploy.0 = Debug|Any CPU
		{8D9D9277-E521-4F7E-B5E6-39A9C0D5FABF}.Debug|x64.ActiveCfg = Debug|Any CPU
		{8D9D9277-E521-4F7E-B5E6-39A9C0D5FABF}.Debug|x64.Build.0 = Debug|Any CPU
		{8D9D9277-E521-4F7E-B5E6-39A9C0D5FABF}.Debug|x64.Deploy.0 = Debug|Any CPU
		{8D9D9277-E521-4F7E-B5E6-39A9C0D5FABF}.Debug|x86.ActiveCfg = Debug|Any CPU
		{8D9D9277-E521-4F7E-B5E6-39A9C0D5FABF}.Debug|x86.Build.0 = Debug|Any CPU
		{8D9D9277-E521-4F7E-B5E6-39A9C0D5FABF}.Debug|x86.Deploy.0 = Debug|Any CPU
		{8D9D9277-E521-4F7E-B5E6-39A9C0D5FABF}.Release|Any CPU.ActiveCfg = Release|Any CPU
		{8D9D9277-E521-4F7E-B5E6-39A9C0D5FABF}.Release|Any CPU.Build.0 = Release|Any CPU
		{8D9D9277-E521-4F7E-B5E6-39A9C0D5FABF}.Release|Any CPU.Deploy.0 = Release|Any CPU
		{8D9D9277-E521-4F7E-B5E6-39A9C0D5FABF}.Release|ARM.ActiveCfg = Release|Any CPU
		{8D9D9277-E521-4F7E-B5E6-39A9C0D5FABF}.Release|ARM.Build.0 = Release|Any CPU
		{8D9D9277-E521-4F7E-B5E6-39A9C0D5FABF}.Release|ARM.Deploy.0 = Release|Any CPU
		{8D9D9277-E521-4F7E-B5E6-39A9C0D5FABF}.Release|iPhone.ActiveCfg = Release|Any CPU
		{8D9D9277-E521-4F7E-B5E6-39A9C0D5FABF}.Release|iPhone.Build.0 = Release|Any CPU
		{8D9D9277-E521-4F7E-B5E6-39A9C0D5FABF}.Release|iPhone.Deploy.0 = Release|Any CPU
		{8D9D9277-E521-4F7E-B5E6-39A9C0D5FABF}.Release|iPhoneSimulator.ActiveCfg = Release|Any CPU
		{8D9D9277-E521-4F7E-B5E6-39A9C0D5FABF}.Release|iPhoneSimulator.Build.0 = Release|Any CPU
		{8D9D9277-E521-4F7E-B5E6-39A9C0D5FABF}.Release|iPhoneSimulator.Deploy.0 = Release|Any CPU
		{8D9D9277-E521-4F7E-B5E6-39A9C0D5FABF}.Release|x64.ActiveCfg = Release|Any CPU
		{8D9D9277-E521-4F7E-B5E6-39A9C0D5FABF}.Release|x64.Build.0 = Release|Any CPU
		{8D9D9277-E521-4F7E-B5E6-39A9C0D5FABF}.Release|x64.Deploy.0 = Release|Any CPU
		{8D9D9277-E521-4F7E-B5E6-39A9C0D5FABF}.Release|x86.ActiveCfg = Release|Any CPU
		{8D9D9277-E521-4F7E-B5E6-39A9C0D5FABF}.Release|x86.Build.0 = Release|Any CPU
		{8D9D9277-E521-4F7E-B5E6-39A9C0D5FABF}.Release|x86.Deploy.0 = Release|Any CPU
		{CF8082EA-7133-4F49-BBE9-B4A9DE4272AC}.Ad-Hoc|Any CPU.ActiveCfg = Release|Any CPU
		{CF8082EA-7133-4F49-BBE9-B4A9DE4272AC}.Ad-Hoc|Any CPU.Build.0 = Release|Any CPU
		{CF8082EA-7133-4F49-BBE9-B4A9DE4272AC}.Ad-Hoc|ARM.ActiveCfg = Release|Any CPU
		{CF8082EA-7133-4F49-BBE9-B4A9DE4272AC}.Ad-Hoc|ARM.Build.0 = Release|Any CPU
		{CF8082EA-7133-4F49-BBE9-B4A9DE4272AC}.Ad-Hoc|iPhone.ActiveCfg = Release|Any CPU
		{CF8082EA-7133-4F49-BBE9-B4A9DE4272AC}.Ad-Hoc|iPhone.Build.0 = Release|Any CPU
		{CF8082EA-7133-4F49-BBE9-B4A9DE4272AC}.Ad-Hoc|iPhoneSimulator.ActiveCfg = Release|Any CPU
		{CF8082EA-7133-4F49-BBE9-B4A9DE4272AC}.Ad-Hoc|iPhoneSimulator.Build.0 = Release|Any CPU
		{CF8082EA-7133-4F49-BBE9-B4A9DE4272AC}.Ad-Hoc|x64.ActiveCfg = Release|Any CPU
		{CF8082EA-7133-4F49-BBE9-B4A9DE4272AC}.Ad-Hoc|x64.Build.0 = Release|Any CPU
		{CF8082EA-7133-4F49-BBE9-B4A9DE4272AC}.Ad-Hoc|x86.ActiveCfg = Release|Any CPU
		{CF8082EA-7133-4F49-BBE9-B4A9DE4272AC}.Ad-Hoc|x86.Build.0 = Release|Any CPU
		{CF8082EA-7133-4F49-BBE9-B4A9DE4272AC}.AppStore|Any CPU.ActiveCfg = Release|Any CPU
		{CF8082EA-7133-4F49-BBE9-B4A9DE4272AC}.AppStore|Any CPU.Build.0 = Release|Any CPU
		{CF8082EA-7133-4F49-BBE9-B4A9DE4272AC}.AppStore|ARM.ActiveCfg = Release|Any CPU
		{CF8082EA-7133-4F49-BBE9-B4A9DE4272AC}.AppStore|ARM.Build.0 = Release|Any CPU
		{CF8082EA-7133-4F49-BBE9-B4A9DE4272AC}.AppStore|iPhone.ActiveCfg = Release|Any CPU
		{CF8082EA-7133-4F49-BBE9-B4A9DE4272AC}.AppStore|iPhone.Build.0 = Release|Any CPU
		{CF8082EA-7133-4F49-BBE9-B4A9DE4272AC}.AppStore|iPhoneSimulator.ActiveCfg = Release|Any CPU
		{CF8082EA-7133-4F49-BBE9-B4A9DE4272AC}.AppStore|iPhoneSimulator.Build.0 = Release|Any CPU
		{CF8082EA-7133-4F49-BBE9-B4A9DE4272AC}.AppStore|x64.ActiveCfg = Release|Any CPU
		{CF8082EA-7133-4F49-BBE9-B4A9DE4272AC}.AppStore|x64.Build.0 = Release|Any CPU
		{CF8082EA-7133-4F49-BBE9-B4A9DE4272AC}.AppStore|x86.ActiveCfg = Release|Any CPU
		{CF8082EA-7133-4F49-BBE9-B4A9DE4272AC}.AppStore|x86.Build.0 = Release|Any CPU
		{CF8082EA-7133-4F49-BBE9-B4A9DE4272AC}.Debug|Any CPU.ActiveCfg = Debug|Any CPU
		{CF8082EA-7133-4F49-BBE9-B4A9DE4272AC}.Debug|Any CPU.Build.0 = Debug|Any CPU
		{CF8082EA-7133-4F49-BBE9-B4A9DE4272AC}.Debug|ARM.ActiveCfg = Debug|Any CPU
		{CF8082EA-7133-4F49-BBE9-B4A9DE4272AC}.Debug|ARM.Build.0 = Debug|Any CPU
		{CF8082EA-7133-4F49-BBE9-B4A9DE4272AC}.Debug|iPhone.ActiveCfg = Debug|Any CPU
		{CF8082EA-7133-4F49-BBE9-B4A9DE4272AC}.Debug|iPhone.Build.0 = Debug|Any CPU
		{CF8082EA-7133-4F49-BBE9-B4A9DE4272AC}.Debug|iPhoneSimulator.ActiveCfg = Debug|Any CPU
		{CF8082EA-7133-4F49-BBE9-B4A9DE4272AC}.Debug|iPhoneSimulator.Build.0 = Debug|Any CPU
		{CF8082EA-7133-4F49-BBE9-B4A9DE4272AC}.Debug|x64.ActiveCfg = Debug|Any CPU
		{CF8082EA-7133-4F49-BBE9-B4A9DE4272AC}.Debug|x64.Build.0 = Debug|Any CPU
		{CF8082EA-7133-4F49-BBE9-B4A9DE4272AC}.Debug|x86.ActiveCfg = Debug|Any CPU
		{CF8082EA-7133-4F49-BBE9-B4A9DE4272AC}.Debug|x86.Build.0 = Debug|Any CPU
		{CF8082EA-7133-4F49-BBE9-B4A9DE4272AC}.Release|Any CPU.ActiveCfg = Release|Any CPU
		{CF8082EA-7133-4F49-BBE9-B4A9DE4272AC}.Release|Any CPU.Build.0 = Release|Any CPU
		{CF8082EA-7133-4F49-BBE9-B4A9DE4272AC}.Release|ARM.ActiveCfg = Release|Any CPU
		{CF8082EA-7133-4F49-BBE9-B4A9DE4272AC}.Release|ARM.Build.0 = Release|Any CPU
		{CF8082EA-7133-4F49-BBE9-B4A9DE4272AC}.Release|iPhone.ActiveCfg = Release|Any CPU
		{CF8082EA-7133-4F49-BBE9-B4A9DE4272AC}.Release|iPhone.Build.0 = Release|Any CPU
		{CF8082EA-7133-4F49-BBE9-B4A9DE4272AC}.Release|iPhoneSimulator.ActiveCfg = Release|Any CPU
		{CF8082EA-7133-4F49-BBE9-B4A9DE4272AC}.Release|iPhoneSimulator.Build.0 = Release|Any CPU
		{CF8082EA-7133-4F49-BBE9-B4A9DE4272AC}.Release|x64.ActiveCfg = Release|Any CPU
		{CF8082EA-7133-4F49-BBE9-B4A9DE4272AC}.Release|x64.Build.0 = Release|Any CPU
		{CF8082EA-7133-4F49-BBE9-B4A9DE4272AC}.Release|x86.ActiveCfg = Release|Any CPU
		{CF8082EA-7133-4F49-BBE9-B4A9DE4272AC}.Release|x86.Build.0 = Release|Any CPU
		{634D2BE1-0192-494A-9786-1CE3251EE244}.Ad-Hoc|Any CPU.ActiveCfg = Release|x86
		{634D2BE1-0192-494A-9786-1CE3251EE244}.Ad-Hoc|Any CPU.Build.0 = Release|x86
		{634D2BE1-0192-494A-9786-1CE3251EE244}.Ad-Hoc|Any CPU.Deploy.0 = Release|x86
		{634D2BE1-0192-494A-9786-1CE3251EE244}.Ad-Hoc|ARM.ActiveCfg = Release|ARM
		{634D2BE1-0192-494A-9786-1CE3251EE244}.Ad-Hoc|ARM.Build.0 = Release|ARM
		{634D2BE1-0192-494A-9786-1CE3251EE244}.Ad-Hoc|ARM.Deploy.0 = Release|ARM
		{634D2BE1-0192-494A-9786-1CE3251EE244}.Ad-Hoc|iPhone.ActiveCfg = Release|x86
		{634D2BE1-0192-494A-9786-1CE3251EE244}.Ad-Hoc|iPhone.Build.0 = Release|x86
		{634D2BE1-0192-494A-9786-1CE3251EE244}.Ad-Hoc|iPhone.Deploy.0 = Release|x86
		{634D2BE1-0192-494A-9786-1CE3251EE244}.Ad-Hoc|iPhoneSimulator.ActiveCfg = Release|x86
		{634D2BE1-0192-494A-9786-1CE3251EE244}.Ad-Hoc|iPhoneSimulator.Build.0 = Release|x86
		{634D2BE1-0192-494A-9786-1CE3251EE244}.Ad-Hoc|iPhoneSimulator.Deploy.0 = Release|x86
		{634D2BE1-0192-494A-9786-1CE3251EE244}.Ad-Hoc|x64.ActiveCfg = Release|x64
		{634D2BE1-0192-494A-9786-1CE3251EE244}.Ad-Hoc|x64.Build.0 = Release|x64
		{634D2BE1-0192-494A-9786-1CE3251EE244}.Ad-Hoc|x64.Deploy.0 = Release|x64
		{634D2BE1-0192-494A-9786-1CE3251EE244}.Ad-Hoc|x86.ActiveCfg = Release|x86
		{634D2BE1-0192-494A-9786-1CE3251EE244}.Ad-Hoc|x86.Build.0 = Release|x86
		{634D2BE1-0192-494A-9786-1CE3251EE244}.Ad-Hoc|x86.Deploy.0 = Release|x86
		{634D2BE1-0192-494A-9786-1CE3251EE244}.AppStore|Any CPU.ActiveCfg = Release|x86
		{634D2BE1-0192-494A-9786-1CE3251EE244}.AppStore|Any CPU.Build.0 = Release|x86
		{634D2BE1-0192-494A-9786-1CE3251EE244}.AppStore|Any CPU.Deploy.0 = Release|x86
		{634D2BE1-0192-494A-9786-1CE3251EE244}.AppStore|ARM.ActiveCfg = Release|ARM
		{634D2BE1-0192-494A-9786-1CE3251EE244}.AppStore|ARM.Build.0 = Release|ARM
		{634D2BE1-0192-494A-9786-1CE3251EE244}.AppStore|ARM.Deploy.0 = Release|ARM
		{634D2BE1-0192-494A-9786-1CE3251EE244}.AppStore|iPhone.ActiveCfg = Release|x86
		{634D2BE1-0192-494A-9786-1CE3251EE244}.AppStore|iPhone.Build.0 = Release|x86
		{634D2BE1-0192-494A-9786-1CE3251EE244}.AppStore|iPhone.Deploy.0 = Release|x86
		{634D2BE1-0192-494A-9786-1CE3251EE244}.AppStore|iPhoneSimulator.ActiveCfg = Release|x86
		{634D2BE1-0192-494A-9786-1CE3251EE244}.AppStore|iPhoneSimulator.Build.0 = Release|x86
		{634D2BE1-0192-494A-9786-1CE3251EE244}.AppStore|iPhoneSimulator.Deploy.0 = Release|x86
		{634D2BE1-0192-494A-9786-1CE3251EE244}.AppStore|x64.ActiveCfg = Release|x64
		{634D2BE1-0192-494A-9786-1CE3251EE244}.AppStore|x64.Build.0 = Release|x64
		{634D2BE1-0192-494A-9786-1CE3251EE244}.AppStore|x64.Deploy.0 = Release|x64
		{634D2BE1-0192-494A-9786-1CE3251EE244}.AppStore|x86.ActiveCfg = Release|x86
		{634D2BE1-0192-494A-9786-1CE3251EE244}.AppStore|x86.Build.0 = Release|x86
		{634D2BE1-0192-494A-9786-1CE3251EE244}.AppStore|x86.Deploy.0 = Release|x86
		{634D2BE1-0192-494A-9786-1CE3251EE244}.Debug|Any CPU.ActiveCfg = Debug|x86
		{634D2BE1-0192-494A-9786-1CE3251EE244}.Debug|Any CPU.Build.0 = Debug|x86
		{634D2BE1-0192-494A-9786-1CE3251EE244}.Debug|Any CPU.Deploy.0 = Debug|x86
		{634D2BE1-0192-494A-9786-1CE3251EE244}.Debug|ARM.ActiveCfg = Debug|ARM
		{634D2BE1-0192-494A-9786-1CE3251EE244}.Debug|ARM.Build.0 = Debug|ARM
		{634D2BE1-0192-494A-9786-1CE3251EE244}.Debug|ARM.Deploy.0 = Debug|ARM
		{634D2BE1-0192-494A-9786-1CE3251EE244}.Debug|iPhone.ActiveCfg = Debug|x86
		{634D2BE1-0192-494A-9786-1CE3251EE244}.Debug|iPhoneSimulator.ActiveCfg = Debug|x86
		{634D2BE1-0192-494A-9786-1CE3251EE244}.Debug|x64.ActiveCfg = Debug|x64
		{634D2BE1-0192-494A-9786-1CE3251EE244}.Debug|x64.Build.0 = Debug|x64
		{634D2BE1-0192-494A-9786-1CE3251EE244}.Debug|x64.Deploy.0 = Debug|x64
		{634D2BE1-0192-494A-9786-1CE3251EE244}.Debug|x86.ActiveCfg = Debug|x86
		{634D2BE1-0192-494A-9786-1CE3251EE244}.Debug|x86.Build.0 = Debug|x86
		{634D2BE1-0192-494A-9786-1CE3251EE244}.Debug|x86.Deploy.0 = Debug|x86
		{634D2BE1-0192-494A-9786-1CE3251EE244}.Release|Any CPU.ActiveCfg = Release|x86
		{634D2BE1-0192-494A-9786-1CE3251EE244}.Release|ARM.ActiveCfg = Release|ARM
		{634D2BE1-0192-494A-9786-1CE3251EE244}.Release|ARM.Build.0 = Release|ARM
		{634D2BE1-0192-494A-9786-1CE3251EE244}.Release|ARM.Deploy.0 = Release|ARM
		{634D2BE1-0192-494A-9786-1CE3251EE244}.Release|iPhone.ActiveCfg = Release|x86
		{634D2BE1-0192-494A-9786-1CE3251EE244}.Release|iPhoneSimulator.ActiveCfg = Release|x86
		{634D2BE1-0192-494A-9786-1CE3251EE244}.Release|x64.ActiveCfg = Release|x64
		{634D2BE1-0192-494A-9786-1CE3251EE244}.Release|x64.Build.0 = Release|x64
		{634D2BE1-0192-494A-9786-1CE3251EE244}.Release|x64.Deploy.0 = Release|x64
		{634D2BE1-0192-494A-9786-1CE3251EE244}.Release|x86.ActiveCfg = Release|x86
		{634D2BE1-0192-494A-9786-1CE3251EE244}.Release|x86.Build.0 = Release|x86
		{634D2BE1-0192-494A-9786-1CE3251EE244}.Release|x86.Deploy.0 = Release|x86
		{FF2A74E2-20D9-46F4-AE0C-A8C1D8582B16}.Ad-Hoc|Any CPU.ActiveCfg = Ad-Hoc|iPhone
		{FF2A74E2-20D9-46F4-AE0C-A8C1D8582B16}.Ad-Hoc|ARM.ActiveCfg = Ad-Hoc|iPhone
		{FF2A74E2-20D9-46F4-AE0C-A8C1D8582B16}.Ad-Hoc|iPhone.ActiveCfg = Ad-Hoc|iPhone
		{FF2A74E2-20D9-46F4-AE0C-A8C1D8582B16}.Ad-Hoc|iPhone.Build.0 = Ad-Hoc|iPhone
		{FF2A74E2-20D9-46F4-AE0C-A8C1D8582B16}.Ad-Hoc|iPhoneSimulator.ActiveCfg = Ad-Hoc|iPhoneSimulator
		{FF2A74E2-20D9-46F4-AE0C-A8C1D8582B16}.Ad-Hoc|iPhoneSimulator.Build.0 = Ad-Hoc|iPhoneSimulator
		{FF2A74E2-20D9-46F4-AE0C-A8C1D8582B16}.Ad-Hoc|x64.ActiveCfg = Ad-Hoc|iPhone
		{FF2A74E2-20D9-46F4-AE0C-A8C1D8582B16}.Ad-Hoc|x86.ActiveCfg = Ad-Hoc|iPhone
		{FF2A74E2-20D9-46F4-AE0C-A8C1D8582B16}.AppStore|Any CPU.ActiveCfg = AppStore|iPhone
		{FF2A74E2-20D9-46F4-AE0C-A8C1D8582B16}.AppStore|ARM.ActiveCfg = AppStore|iPhone
		{FF2A74E2-20D9-46F4-AE0C-A8C1D8582B16}.AppStore|iPhone.ActiveCfg = AppStore|iPhone
		{FF2A74E2-20D9-46F4-AE0C-A8C1D8582B16}.AppStore|iPhone.Build.0 = AppStore|iPhone
		{FF2A74E2-20D9-46F4-AE0C-A8C1D8582B16}.AppStore|iPhoneSimulator.ActiveCfg = AppStore|iPhoneSimulator
		{FF2A74E2-20D9-46F4-AE0C-A8C1D8582B16}.AppStore|iPhoneSimulator.Build.0 = AppStore|iPhoneSimulator
		{FF2A74E2-20D9-46F4-AE0C-A8C1D8582B16}.AppStore|x64.ActiveCfg = AppStore|iPhone
		{FF2A74E2-20D9-46F4-AE0C-A8C1D8582B16}.AppStore|x86.ActiveCfg = AppStore|iPhone
		{FF2A74E2-20D9-46F4-AE0C-A8C1D8582B16}.Debug|Any CPU.ActiveCfg = Debug|iPhone
		{FF2A74E2-20D9-46F4-AE0C-A8C1D8582B16}.Debug|Any CPU.Build.0 = Debug|iPhone
		{FF2A74E2-20D9-46F4-AE0C-A8C1D8582B16}.Debug|ARM.ActiveCfg = Debug|iPhone
		{FF2A74E2-20D9-46F4-AE0C-A8C1D8582B16}.Debug|iPhone.ActiveCfg = Debug|iPhone
		{FF2A74E2-20D9-46F4-AE0C-A8C1D8582B16}.Debug|iPhone.Build.0 = Debug|iPhone
		{FF2A74E2-20D9-46F4-AE0C-A8C1D8582B16}.Debug|iPhoneSimulator.ActiveCfg = Debug|iPhoneSimulator
		{FF2A74E2-20D9-46F4-AE0C-A8C1D8582B16}.Debug|iPhoneSimulator.Build.0 = Debug|iPhoneSimulator
		{FF2A74E2-20D9-46F4-AE0C-A8C1D8582B16}.Debug|x64.ActiveCfg = Debug|iPhone
		{FF2A74E2-20D9-46F4-AE0C-A8C1D8582B16}.Debug|x86.ActiveCfg = Debug|iPhone
		{FF2A74E2-20D9-46F4-AE0C-A8C1D8582B16}.Release|Any CPU.ActiveCfg = Release|iPhone
		{FF2A74E2-20D9-46F4-AE0C-A8C1D8582B16}.Release|ARM.ActiveCfg = Release|iPhone
		{FF2A74E2-20D9-46F4-AE0C-A8C1D8582B16}.Release|iPhone.ActiveCfg = Release|iPhone
		{FF2A74E2-20D9-46F4-AE0C-A8C1D8582B16}.Release|iPhone.Build.0 = Release|iPhone
		{FF2A74E2-20D9-46F4-AE0C-A8C1D8582B16}.Release|iPhoneSimulator.ActiveCfg = Release|iPhoneSimulator
		{FF2A74E2-20D9-46F4-AE0C-A8C1D8582B16}.Release|iPhoneSimulator.Build.0 = Release|iPhoneSimulator
		{FF2A74E2-20D9-46F4-AE0C-A8C1D8582B16}.Release|x64.ActiveCfg = Release|iPhone
		{FF2A74E2-20D9-46F4-AE0C-A8C1D8582B16}.Release|x86.ActiveCfg = Release|iPhone
	EndGlobalSection
	GlobalSection(SolutionProperties) = preSolution
		HideSolutionNode = FALSE
	EndGlobalSection
EndGlobal
