
Microsoft Visual Studio Solution File, Format Version 12.00
# Visual Studio 14
VisualStudioVersion = 14.0.25420.1
MinimumVisualStudioVersion = 10.0.40219.1
Project("{FAE04EC0-301F-11D3-BF4B-00C04F79EFBC}") = "CustomFontsNavigationPage.Android", "CustomFontsNavigationPage\CustomFontsNavigationPage.Android\CustomFontsNavigationPage.Android.csproj", "{22667A36-0D21-4E9E-B42F-867BBDD166B4}"
EndProject
Project("{FAE04EC0-301F-11D3-BF4B-00C04F79EFBC}") = "CustomFontsNavigationPage", "CustomFontsNavigationPage\CustomFontsNavigationPage\CustomFontsNavigationPage.csproj", "{298B86C4-8732-4BAD-BE8B-50592CAC66CC}"
EndProject
Project("{FAE04EC0-301F-11D3-BF4B-00C04F79EFBC}") = "CustomFontsNavigationPage.UWP", "CustomFontsNavigationPage\CustomFontsNavigationPage.UWP\CustomFontsNavigationPage.UWP.csproj", "{F0421C1F-0E04-47B3-BF80-28A0FB78D73D}"
EndProject
Project("{FAE04EC0-301F-11D3-BF4B-00C04F79EFBC}") = "CustomFontsNavigationPage.iOS", "CustomFontsNavigationPage\CustomFontsNavigationPage.iOS\CustomFontsNavigationPage.iOS.csproj", "{909D2B14-4EE4-43F9-95B0-292A58027E23}"
EndProject
Global
	GlobalSection(SolutionConfigurationPlatforms) = preSolution
		Ad-Hoc|Any CPU = Ad-Hoc|Any CPU
		Ad-Hoc|ARM = Ad-Hoc|ARM
		Ad-Hoc|iPhone = Ad-Hoc|iPhone
		Ad-Hoc|iPhoneSimulator = Ad-Hoc|iPhoneSimulator
		Ad-Hoc|x64 = Ad-Hoc|x64
		Ad-Hoc|x86 = Ad-Hoc|x86
		AppStore|Any CPU = AppStore|Any CPU
		AppStore|ARM = AppStore|ARM
		AppStore|iPhone = AppStore|iPhone
		AppStore|iPhoneSimulator = AppStore|iPhoneSimulator
		AppStore|x64 = AppStore|x64
		AppStore|x86 = AppStore|x86
		Debug|Any CPU = Debug|Any CPU
		Debug|ARM = Debug|ARM
		Debug|iPhone = Debug|iPhone
		Debug|iPhoneSimulator = Debug|iPhoneSimulator
		Debug|x64 = Debug|x64
		Debug|x86 = Debug|x86
		Release|Any CPU = Release|Any CPU
		Release|ARM = Release|ARM
		Release|iPhone = Release|iPhone
		Release|iPhoneSimulator = Release|iPhoneSimulator
		Release|x64 = Release|x64
		Release|x86 = Release|x86
	EndGlobalSection
	GlobalSection(ProjectConfigurationPlatforms) = postSolution
		{22667A36-0D21-4E9E-B42F-867BBDD166B4}.Ad-Hoc|Any CPU.ActiveCfg = Release|Any CPU
		{22667A36-0D21-4E9E-B42F-867BBDD166B4}.Ad-Hoc|Any CPU.Build.0 = Release|Any CPU
		{22667A36-0D21-4E9E-B42F-867BBDD166B4}.Ad-Hoc|Any CPU.Deploy.0 = Release|Any CPU
		{22667A36-0D21-4E9E-B42F-867BBDD166B4}.Ad-Hoc|ARM.ActiveCfg = Release|Any CPU
		{22667A36-0D21-4E9E-B42F-867BBDD166B4}.Ad-Hoc|ARM.Build.0 = Release|Any CPU
		{22667A36-0D21-4E9E-B42F-867BBDD166B4}.Ad-Hoc|ARM.Deploy.0 = Release|Any CPU
		{22667A36-0D21-4E9E-B42F-867BBDD166B4}.Ad-Hoc|iPhone.ActiveCfg = Release|Any CPU
		{22667A36-0D21-4E9E-B42F-867BBDD166B4}.Ad-Hoc|iPhone.Build.0 = Release|Any CPU
		{22667A36-0D21-4E9E-B42F-867BBDD166B4}.Ad-Hoc|iPhone.Deploy.0 = Release|Any CPU
		{22667A36-0D21-4E9E-B42F-867BBDD166B4}.Ad-Hoc|iPhoneSimulator.ActiveCfg = Release|Any CPU
		{22667A36-0D21-4E9E-B42F-867BBDD166B4}.Ad-Hoc|iPhoneSimulator.Build.0 = Release|Any CPU
		{22667A36-0D21-4E9E-B42F-867BBDD166B4}.Ad-Hoc|iPhoneSimulator.Deploy.0 = Release|Any CPU
		{22667A36-0D21-4E9E-B42F-867BBDD166B4}.Ad-Hoc|x64.ActiveCfg = Release|Any CPU
		{22667A36-0D21-4E9E-B42F-867BBDD166B4}.Ad-Hoc|x64.Build.0 = Release|Any CPU
		{22667A36-0D21-4E9E-B42F-867BBDD166B4}.Ad-Hoc|x64.Deploy.0 = Release|Any CPU
		{22667A36-0D21-4E9E-B42F-867BBDD166B4}.Ad-Hoc|x86.ActiveCfg = Release|Any CPU
		{22667A36-0D21-4E9E-B42F-867BBDD166B4}.Ad-Hoc|x86.Build.0 = Release|Any CPU
		{22667A36-0D21-4E9E-B42F-867BBDD166B4}.Ad-Hoc|x86.Deploy.0 = Release|Any CPU
		{22667A36-0D21-4E9E-B42F-867BBDD166B4}.AppStore|Any CPU.ActiveCfg = Release|Any CPU
		{22667A36-0D21-4E9E-B42F-867BBDD166B4}.AppStore|Any CPU.Build.0 = Release|Any CPU
		{22667A36-0D21-4E9E-B42F-867BBDD166B4}.AppStore|Any CPU.Deploy.0 = Release|Any CPU
		{22667A36-0D21-4E9E-B42F-867BBDD166B4}.AppStore|ARM.ActiveCfg = Release|Any CPU
		{22667A36-0D21-4E9E-B42F-867BBDD166B4}.AppStore|ARM.Build.0 = Release|Any CPU
		{22667A36-0D21-4E9E-B42F-867BBDD166B4}.AppStore|ARM.Deploy.0 = Release|Any CPU
		{22667A36-0D21-4E9E-B42F-867BBDD166B4}.AppStore|iPhone.ActiveCfg = Release|Any CPU
		{22667A36-0D21-4E9E-B42F-867BBDD166B4}.AppStore|iPhone.Build.0 = Release|Any CPU
		{22667A36-0D21-4E9E-B42F-867BBDD166B4}.AppStore|iPhone.Deploy.0 = Release|Any CPU
		{22667A36-0D21-4E9E-B42F-867BBDD166B4}.AppStore|iPhoneSimulator.ActiveCfg = Release|Any CPU
		{22667A36-0D21-4E9E-B42F-867BBDD166B4}.AppStore|iPhoneSimulator.Build.0 = Release|Any CPU
		{22667A36-0D21-4E9E-B42F-867BBDD166B4}.AppStore|iPhoneSimulator.Deploy.0 = Release|Any CPU
		{22667A36-0D21-4E9E-B42F-867BBDD166B4}.AppStore|x64.ActiveCfg = Release|Any CPU
		{22667A36-0D21-4E9E-B42F-867BBDD166B4}.AppStore|x64.Build.0 = Release|Any CPU
		{22667A36-0D21-4E9E-B42F-867BBDD166B4}.AppStore|x64.Deploy.0 = Release|Any CPU
		{22667A36-0D21-4E9E-B42F-867BBDD166B4}.AppStore|x86.ActiveCfg = Release|Any CPU
		{22667A36-0D21-4E9E-B42F-867BBDD166B4}.AppStore|x86.Build.0 = Release|Any CPU
		{22667A36-0D21-4E9E-B42F-867BBDD166B4}.AppStore|x86.Deploy.0 = Release|Any CPU
		{22667A36-0D21-4E9E-B42F-867BBDD166B4}.Debug|Any CPU.ActiveCfg = Debug|Any CPU
		{22667A36-0D21-4E9E-B42F-867BBDD166B4}.Debug|Any CPU.Build.0 = Debug|Any CPU
		{22667A36-0D21-4E9E-B42F-867BBDD166B4}.Debug|Any CPU.Deploy.0 = Debug|Any CPU
		{22667A36-0D21-4E9E-B42F-867BBDD166B4}.Debug|ARM.ActiveCfg = Debug|Any CPU
		{22667A36-0D21-4E9E-B42F-867BBDD166B4}.Debug|ARM.Build.0 = Debug|Any CPU
		{22667A36-0D21-4E9E-B42F-867BBDD166B4}.Debug|ARM.Deploy.0 = Debug|Any CPU
		{22667A36-0D21-4E9E-B42F-867BBDD166B4}.Debug|iPhone.ActiveCfg = Debug|Any CPU
		{22667A36-0D21-4E9E-B42F-867BBDD166B4}.Debug|iPhone.Build.0 = Debug|Any CPU
		{22667A36-0D21-4E9E-B42F-867BBDD166B4}.Debug|iPhone.Deploy.0 = Debug|Any CPU
		{22667A36-0D21-4E9E-B42F-867BBDD166B4}.Debug|iPhoneSimulator.ActiveCfg = Debug|Any CPU
		{22667A36-0D21-4E9E-B42F-867BBDD166B4}.Debug|iPhoneSimulator.Build.0 = Debug|Any CPU
		{22667A36-0D21-4E9E-B42F-867BBDD166B4}.Debug|iPhoneSimulator.Deploy.0 = Debug|Any CPU
		{22667A36-0D21-4E9E-B42F-867BBDD166B4}.Debug|x64.ActiveCfg = Debug|Any CPU
		{22667A36-0D21-4E9E-B42F-867BBDD166B4}.Debug|x64.Build.0 = Debug|Any CPU
		{22667A36-0D21-4E9E-B42F-867BBDD166B4}.Debug|x64.Deploy.0 = Debug|Any CPU
		{22667A36-0D21-4E9E-B42F-867BBDD166B4}.Debug|x86.ActiveCfg = Debug|Any CPU
		{22667A36-0D21-4E9E-B42F-867BBDD166B4}.Debug|x86.Build.0 = Debug|Any CPU
		{22667A36-0D21-4E9E-B42F-867BBDD166B4}.Debug|x86.Deploy.0 = Debug|Any CPU
		{22667A36-0D21-4E9E-B42F-867BBDD166B4}.Release|Any CPU.ActiveCfg = Release|Any CPU
		{22667A36-0D21-4E9E-B42F-867BBDD166B4}.Release|Any CPU.Build.0 = Release|Any CPU
		{22667A36-0D21-4E9E-B42F-867BBDD166B4}.Release|Any CPU.Deploy.0 = Release|Any CPU
		{22667A36-0D21-4E9E-B42F-867BBDD166B4}.Release|ARM.ActiveCfg = Release|Any CPU
		{22667A36-0D21-4E9E-B42F-867BBDD166B4}.Release|ARM.Build.0 = Release|Any CPU
		{22667A36-0D21-4E9E-B42F-867BBDD166B4}.Release|ARM.Deploy.0 = Release|Any CPU
		{22667A36-0D21-4E9E-B42F-867BBDD166B4}.Release|iPhone.ActiveCfg = Release|Any CPU
		{22667A36-0D21-4E9E-B42F-867BBDD166B4}.Release|iPhone.Build.0 = Release|Any CPU
		{22667A36-0D21-4E9E-B42F-867BBDD166B4}.Release|iPhone.Deploy.0 = Release|Any CPU
		{22667A36-0D21-4E9E-B42F-867BBDD166B4}.Release|iPhoneSimulator.ActiveCfg = Release|Any CPU
		{22667A36-0D21-4E9E-B42F-867BBDD166B4}.Release|iPhoneSimulator.Build.0 = Release|Any CPU
		{22667A36-0D21-4E9E-B42F-867BBDD166B4}.Release|iPhoneSimulator.Deploy.0 = Release|Any CPU
		{22667A36-0D21-4E9E-B42F-867BBDD166B4}.Release|x64.ActiveCfg = Release|Any CPU
		{22667A36-0D21-4E9E-B42F-867BBDD166B4}.Release|x64.Build.0 = Release|Any CPU
		{22667A36-0D21-4E9E-B42F-867BBDD166B4}.Release|x64.Deploy.0 = Release|Any CPU
		{22667A36-0D21-4E9E-B42F-867BBDD166B4}.Release|x86.ActiveCfg = Release|Any CPU
		{22667A36-0D21-4E9E-B42F-867BBDD166B4}.Release|x86.Build.0 = Release|Any CPU
		{22667A36-0D21-4E9E-B42F-867BBDD166B4}.Release|x86.Deploy.0 = Release|Any CPU
		{298B86C4-8732-4BAD-BE8B-50592CAC66CC}.Ad-Hoc|Any CPU.ActiveCfg = Release|Any CPU
		{298B86C4-8732-4BAD-BE8B-50592CAC66CC}.Ad-Hoc|Any CPU.Build.0 = Release|Any CPU
		{298B86C4-8732-4BAD-BE8B-50592CAC66CC}.Ad-Hoc|ARM.ActiveCfg = Release|Any CPU
		{298B86C4-8732-4BAD-BE8B-50592CAC66CC}.Ad-Hoc|ARM.Build.0 = Release|Any CPU
		{298B86C4-8732-4BAD-BE8B-50592CAC66CC}.Ad-Hoc|iPhone.ActiveCfg = Release|Any CPU
		{298B86C4-8732-4BAD-BE8B-50592CAC66CC}.Ad-Hoc|iPhone.Build.0 = Release|Any CPU
		{298B86C4-8732-4BAD-BE8B-50592CAC66CC}.Ad-Hoc|iPhoneSimulator.ActiveCfg = Release|Any CPU
		{298B86C4-8732-4BAD-BE8B-50592CAC66CC}.Ad-Hoc|iPhoneSimulator.Build.0 = Release|Any CPU
		{298B86C4-8732-4BAD-BE8B-50592CAC66CC}.Ad-Hoc|x64.ActiveCfg = Release|Any CPU
		{298B86C4-8732-4BAD-BE8B-50592CAC66CC}.Ad-Hoc|x64.Build.0 = Release|Any CPU
		{298B86C4-8732-4BAD-BE8B-50592CAC66CC}.Ad-Hoc|x86.ActiveCfg = Release|Any CPU
		{298B86C4-8732-4BAD-BE8B-50592CAC66CC}.Ad-Hoc|x86.Build.0 = Release|Any CPU
		{298B86C4-8732-4BAD-BE8B-50592CAC66CC}.AppStore|Any CPU.ActiveCfg = Release|Any CPU
		{298B86C4-8732-4BAD-BE8B-50592CAC66CC}.AppStore|Any CPU.Build.0 = Release|Any CPU
		{298B86C4-8732-4BAD-BE8B-50592CAC66CC}.AppStore|ARM.ActiveCfg = Release|Any CPU
		{298B86C4-8732-4BAD-BE8B-50592CAC66CC}.AppStore|ARM.Build.0 = Release|Any CPU
		{298B86C4-8732-4BAD-BE8B-50592CAC66CC}.AppStore|iPhone.ActiveCfg = Release|Any CPU
		{298B86C4-8732-4BAD-BE8B-50592CAC66CC}.AppStore|iPhone.Build.0 = Release|Any CPU
		{298B86C4-8732-4BAD-BE8B-50592CAC66CC}.AppStore|iPhoneSimulator.ActiveCfg = Release|Any CPU
		{298B86C4-8732-4BAD-BE8B-50592CAC66CC}.AppStore|iPhoneSimulator.Build.0 = Release|Any CPU
		{298B86C4-8732-4BAD-BE8B-50592CAC66CC}.AppStore|x64.ActiveCfg = Release|Any CPU
		{298B86C4-8732-4BAD-BE8B-50592CAC66CC}.AppStore|x64.Build.0 = Release|Any CPU
		{298B86C4-8732-4BAD-BE8B-50592CAC66CC}.AppStore|x86.ActiveCfg = Release|Any CPU
		{298B86C4-8732-4BAD-BE8B-50592CAC66CC}.AppStore|x86.Build.0 = Release|Any CPU
		{298B86C4-8732-4BAD-BE8B-50592CAC66CC}.Debug|Any CPU.ActiveCfg = Debug|Any CPU
		{298B86C4-8732-4BAD-BE8B-50592CAC66CC}.Debug|Any CPU.Build.0 = Debug|Any CPU
		{298B86C4-8732-4BAD-BE8B-50592CAC66CC}.Debug|ARM.ActiveCfg = Debug|Any CPU
		{298B86C4-8732-4BAD-BE8B-50592CAC66CC}.Debug|ARM.Build.0 = Debug|Any CPU
		{298B86C4-8732-4BAD-BE8B-50592CAC66CC}.Debug|iPhone.ActiveCfg = Debug|Any CPU
		{298B86C4-8732-4BAD-BE8B-50592CAC66CC}.Debug|iPhone.Build.0 = Debug|Any CPU
		{298B86C4-8732-4BAD-BE8B-50592CAC66CC}.Debug|iPhoneSimulator.ActiveCfg = Debug|Any CPU
		{298B86C4-8732-4BAD-BE8B-50592CAC66CC}.Debug|iPhoneSimulator.Build.0 = Debug|Any CPU
		{298B86C4-8732-4BAD-BE8B-50592CAC66CC}.Debug|x64.ActiveCfg = Debug|Any CPU
		{298B86C4-8732-4BAD-BE8B-50592CAC66CC}.Debug|x64.Build.0 = Debug|Any CPU
		{298B86C4-8732-4BAD-BE8B-50592CAC66CC}.Debug|x86.ActiveCfg = Debug|Any CPU
		{298B86C4-8732-4BAD-BE8B-50592CAC66CC}.Debug|x86.Build.0 = Debug|Any CPU
		{298B86C4-8732-4BAD-BE8B-50592CAC66CC}.Release|Any CPU.ActiveCfg = Release|Any CPU
		{298B86C4-8732-4BAD-BE8B-50592CAC66CC}.Release|Any CPU.Build.0 = Release|Any CPU
		{298B86C4-8732-4BAD-BE8B-50592CAC66CC}.Release|ARM.ActiveCfg = Release|Any CPU
		{298B86C4-8732-4BAD-BE8B-50592CAC66CC}.Release|ARM.Build.0 = Release|Any CPU
		{298B86C4-8732-4BAD-BE8B-50592CAC66CC}.Release|iPhone.ActiveCfg = Release|Any CPU
		{298B86C4-8732-4BAD-BE8B-50592CAC66CC}.Release|iPhone.Build.0 = Release|Any CPU
		{298B86C4-8732-4BAD-BE8B-50592CAC66CC}.Release|iPhoneSimulator.ActiveCfg = Release|Any CPU
		{298B86C4-8732-4BAD-BE8B-50592CAC66CC}.Release|iPhoneSimulator.Build.0 = Release|Any CPU
		{298B86C4-8732-4BAD-BE8B-50592CAC66CC}.Release|x64.ActiveCfg = Release|Any CPU
		{298B86C4-8732-4BAD-BE8B-50592CAC66CC}.Release|x64.Build.0 = Release|Any CPU
		{298B86C4-8732-4BAD-BE8B-50592CAC66CC}.Release|x86.ActiveCfg = Release|Any CPU
		{298B86C4-8732-4BAD-BE8B-50592CAC66CC}.Release|x86.Build.0 = Release|Any CPU
		{F0421C1F-0E04-47B3-BF80-28A0FB78D73D}.Ad-Hoc|Any CPU.ActiveCfg = Release|x86
		{F0421C1F-0E04-47B3-BF80-28A0FB78D73D}.Ad-Hoc|Any CPU.Build.0 = Release|x86
		{F0421C1F-0E04-47B3-BF80-28A0FB78D73D}.Ad-Hoc|Any CPU.Deploy.0 = Release|x86
		{F0421C1F-0E04-47B3-BF80-28A0FB78D73D}.Ad-Hoc|ARM.ActiveCfg = Release|ARM
		{F0421C1F-0E04-47B3-BF80-28A0FB78D73D}.Ad-Hoc|ARM.Build.0 = Release|ARM
		{F0421C1F-0E04-47B3-BF80-28A0FB78D73D}.Ad-Hoc|ARM.Deploy.0 = Release|ARM
		{F0421C1F-0E04-47B3-BF80-28A0FB78D73D}.Ad-Hoc|iPhone.ActiveCfg = Release|x86
		{F0421C1F-0E04-47B3-BF80-28A0FB78D73D}.Ad-Hoc|iPhone.Build.0 = Release|x86
		{F0421C1F-0E04-47B3-BF80-28A0FB78D73D}.Ad-Hoc|iPhone.Deploy.0 = Release|x86
		{F0421C1F-0E04-47B3-BF80-28A0FB78D73D}.Ad-Hoc|iPhoneSimulator.ActiveCfg = Release|x86
		{F0421C1F-0E04-47B3-BF80-28A0FB78D73D}.Ad-Hoc|iPhoneSimulator.Build.0 = Release|x86
		{F0421C1F-0E04-47B3-BF80-28A0FB78D73D}.Ad-Hoc|iPhoneSimulator.Deploy.0 = Release|x86
		{F0421C1F-0E04-47B3-BF80-28A0FB78D73D}.Ad-Hoc|x64.ActiveCfg = Release|x64
		{F0421C1F-0E04-47B3-BF80-28A0FB78D73D}.Ad-Hoc|x64.Build.0 = Release|x64
		{F0421C1F-0E04-47B3-BF80-28A0FB78D73D}.Ad-Hoc|x64.Deploy.0 = Release|x64
		{F0421C1F-0E04-47B3-BF80-28A0FB78D73D}.Ad-Hoc|x86.ActiveCfg = Release|x86
		{F0421C1F-0E04-47B3-BF80-28A0FB78D73D}.Ad-Hoc|x86.Build.0 = Release|x86
		{F0421C1F-0E04-47B3-BF80-28A0FB78D73D}.Ad-Hoc|x86.Deploy.0 = Release|x86
		{F0421C1F-0E04-47B3-BF80-28A0FB78D73D}.AppStore|Any CPU.ActiveCfg = Release|x86
		{F0421C1F-0E04-47B3-BF80-28A0FB78D73D}.AppStore|Any CPU.Build.0 = Release|x86
		{F0421C1F-0E04-47B3-BF80-28A0FB78D73D}.AppStore|Any CPU.Deploy.0 = Release|x86
		{F0421C1F-0E04-47B3-BF80-28A0FB78D73D}.AppStore|ARM.ActiveCfg = Release|ARM
		{F0421C1F-0E04-47B3-BF80-28A0FB78D73D}.AppStore|ARM.Build.0 = Release|ARM
		{F0421C1F-0E04-47B3-BF80-28A0FB78D73D}.AppStore|ARM.Deploy.0 = Release|ARM
		{F0421C1F-0E04-47B3-BF80-28A0FB78D73D}.AppStore|iPhone.ActiveCfg = Release|x86
		{F0421C1F-0E04-47B3-BF80-28A0FB78D73D}.AppStore|iPhone.Build.0 = Release|x86
		{F0421C1F-0E04-47B3-BF80-28A0FB78D73D}.AppStore|iPhone.Deploy.0 = Release|x86
		{F0421C1F-0E04-47B3-BF80-28A0FB78D73D}.AppStore|iPhoneSimulator.ActiveCfg = Release|x86
		{F0421C1F-0E04-47B3-BF80-28A0FB78D73D}.AppStore|iPhoneSimulator.Build.0 = Release|x86
		{F0421C1F-0E04-47B3-BF80-28A0FB78D73D}.AppStore|iPhoneSimulator.Deploy.0 = Release|x86
		{F0421C1F-0E04-47B3-BF80-28A0FB78D73D}.AppStore|x64.ActiveCfg = Release|x64
		{F0421C1F-0E04-47B3-BF80-28A0FB78D73D}.AppStore|x64.Build.0 = Release|x64
		{F0421C1F-0E04-47B3-BF80-28A0FB78D73D}.AppStore|x64.Deploy.0 = Release|x64
		{F0421C1F-0E04-47B3-BF80-28A0FB78D73D}.AppStore|x86.ActiveCfg = Release|x86
		{F0421C1F-0E04-47B3-BF80-28A0FB78D73D}.AppStore|x86.Build.0 = Release|x86
		{F0421C1F-0E04-47B3-BF80-28A0FB78D73D}.AppStore|x86.Deploy.0 = Release|x86
		{F0421C1F-0E04-47B3-BF80-28A0FB78D73D}.Debug|Any CPU.ActiveCfg = Debug|x86
		{F0421C1F-0E04-47B3-BF80-28A0FB78D73D}.Debug|Any CPU.Build.0 = Debug|x86
		{F0421C1F-0E04-47B3-BF80-28A0FB78D73D}.Debug|Any CPU.Deploy.0 = Debug|x86
		{F0421C1F-0E04-47B3-BF80-28A0FB78D73D}.Debug|ARM.ActiveCfg = Debug|ARM
		{F0421C1F-0E04-47B3-BF80-28A0FB78D73D}.Debug|ARM.Build.0 = Debug|ARM
		{F0421C1F-0E04-47B3-BF80-28A0FB78D73D}.Debug|ARM.Deploy.0 = Debug|ARM
		{F0421C1F-0E04-47B3-BF80-28A0FB78D73D}.Debug|iPhone.ActiveCfg = Debug|x86
		{F0421C1F-0E04-47B3-BF80-28A0FB78D73D}.Debug|iPhoneSimulator.ActiveCfg = Debug|x86
		{F0421C1F-0E04-47B3-BF80-28A0FB78D73D}.Debug|x64.ActiveCfg = Debug|x64
		{F0421C1F-0E04-47B3-BF80-28A0FB78D73D}.Debug|x64.Build.0 = Debug|x64
		{F0421C1F-0E04-47B3-BF80-28A0FB78D73D}.Debug|x64.Deploy.0 = Debug|x64
		{F0421C1F-0E04-47B3-BF80-28A0FB78D73D}.Debug|x86.ActiveCfg = Debug|x86
		{F0421C1F-0E04-47B3-BF80-28A0FB78D73D}.Debug|x86.Build.0 = Debug|x86
		{F0421C1F-0E04-47B3-BF80-28A0FB78D73D}.Debug|x86.Deploy.0 = Debug|x86
		{F0421C1F-0E04-47B3-BF80-28A0FB78D73D}.Release|Any CPU.ActiveCfg = Release|x86
		{F0421C1F-0E04-47B3-BF80-28A0FB78D73D}.Release|ARM.ActiveCfg = Release|ARM
		{F0421C1F-0E04-47B3-BF80-28A0FB78D73D}.Release|ARM.Build.0 = Release|ARM
		{F0421C1F-0E04-47B3-BF80-28A0FB78D73D}.Release|ARM.Deploy.0 = Release|ARM
		{F0421C1F-0E04-47B3-BF80-28A0FB78D73D}.Release|iPhone.ActiveCfg = Release|x86
		{F0421C1F-0E04-47B3-BF80-28A0FB78D73D}.Release|iPhoneSimulator.ActiveCfg = Release|x86
		{F0421C1F-0E04-47B3-BF80-28A0FB78D73D}.Release|x64.ActiveCfg = Release|x64
		{F0421C1F-0E04-47B3-BF80-28A0FB78D73D}.Release|x64.Build.0 = Release|x64
		{F0421C1F-0E04-47B3-BF80-28A0FB78D73D}.Release|x64.Deploy.0 = Release|x64
		{F0421C1F-0E04-47B3-BF80-28A0FB78D73D}.Release|x86.ActiveCfg = Release|x86
		{F0421C1F-0E04-47B3-BF80-28A0FB78D73D}.Release|x86.Build.0 = Release|x86
		{F0421C1F-0E04-47B3-BF80-28A0FB78D73D}.Release|x86.Deploy.0 = Release|x86
		{909D2B14-4EE4-43F9-95B0-292A58027E23}.Ad-Hoc|Any CPU.ActiveCfg = Ad-Hoc|iPhone
		{909D2B14-4EE4-43F9-95B0-292A58027E23}.Ad-Hoc|ARM.ActiveCfg = Ad-Hoc|iPhone
		{909D2B14-4EE4-43F9-95B0-292A58027E23}.Ad-Hoc|iPhone.ActiveCfg = Ad-Hoc|iPhone
		{909D2B14-4EE4-43F9-95B0-292A58027E23}.Ad-Hoc|iPhone.Build.0 = Ad-Hoc|iPhone
		{909D2B14-4EE4-43F9-95B0-292A58027E23}.Ad-Hoc|iPhoneSimulator.ActiveCfg = Ad-Hoc|iPhoneSimulator
		{909D2B14-4EE4-43F9-95B0-292A58027E23}.Ad-Hoc|iPhoneSimulator.Build.0 = Ad-Hoc|iPhoneSimulator
		{909D2B14-4EE4-43F9-95B0-292A58027E23}.Ad-Hoc|x64.ActiveCfg = Ad-Hoc|iPhone
		{909D2B14-4EE4-43F9-95B0-292A58027E23}.Ad-Hoc|x86.ActiveCfg = Ad-Hoc|iPhone
		{909D2B14-4EE4-43F9-95B0-292A58027E23}.AppStore|Any CPU.ActiveCfg = AppStore|iPhone
		{909D2B14-4EE4-43F9-95B0-292A58027E23}.AppStore|ARM.ActiveCfg = AppStore|iPhone
		{909D2B14-4EE4-43F9-95B0-292A58027E23}.AppStore|iPhone.ActiveCfg = AppStore|iPhone
		{909D2B14-4EE4-43F9-95B0-292A58027E23}.AppStore|iPhone.Build.0 = AppStore|iPhone
		{909D2B14-4EE4-43F9-95B0-292A58027E23}.AppStore|iPhoneSimulator.ActiveCfg = AppStore|iPhoneSimulator
		{909D2B14-4EE4-43F9-95B0-292A58027E23}.AppStore|iPhoneSimulator.Build.0 = AppStore|iPhoneSimulator
		{909D2B14-4EE4-43F9-95B0-292A58027E23}.AppStore|x64.ActiveCfg = AppStore|iPhone
		{909D2B14-4EE4-43F9-95B0-292A58027E23}.AppStore|x86.ActiveCfg = AppStore|iPhone
		{909D2B14-4EE4-43F9-95B0-292A58027E23}.Debug|Any CPU.ActiveCfg = Debug|iPhone
		{909D2B14-4EE4-43F9-95B0-292A58027E23}.Debug|Any CPU.Build.0 = Debug|iPhone
		{909D2B14-4EE4-43F9-95B0-292A58027E23}.Debug|ARM.ActiveCfg = Debug|iPhone
		{909D2B14-4EE4-43F9-95B0-292A58027E23}.Debug|iPhone.ActiveCfg = Debug|iPhone
		{909D2B14-4EE4-43F9-95B0-292A58027E23}.Debug|iPhone.Build.0 = Debug|iPhone
		{909D2B14-4EE4-43F9-95B0-292A58027E23}.Debug|iPhoneSimulator.ActiveCfg = Debug|iPhoneSimulator
		{909D2B14-4EE4-43F9-95B0-292A58027E23}.Debug|iPhoneSimulator.Build.0 = Debug|iPhoneSimulator
		{909D2B14-4EE4-43F9-95B0-292A58027E23}.Debug|x64.ActiveCfg = Debug|iPhone
		{909D2B14-4EE4-43F9-95B0-292A58027E23}.Debug|x86.ActiveCfg = Debug|iPhone
		{909D2B14-4EE4-43F9-95B0-292A58027E23}.Release|Any CPU.ActiveCfg = Release|iPhone
		{909D2B14-4EE4-43F9-95B0-292A58027E23}.Release|ARM.ActiveCfg = Release|iPhone
		{909D2B14-4EE4-43F9-95B0-292A58027E23}.Release|iPhone.ActiveCfg = Release|iPhone
		{909D2B14-4EE4-43F9-95B0-292A58027E23}.Release|iPhone.Build.0 = Release|iPhone
		{909D2B14-4EE4-43F9-95B0-292A58027E23}.Release|iPhoneSimulator.ActiveCfg = Release|iPhoneSimulator
		{909D2B14-4EE4-43F9-95B0-292A58027E23}.Release|iPhoneSimulator.Build.0 = Release|iPhoneSimulator
		{909D2B14-4EE4-43F9-95B0-292A58027E23}.Release|x64.ActiveCfg = Release|iPhone
		{909D2B14-4EE4-43F9-95B0-292A58027E23}.Release|x86.ActiveCfg = Release|iPhone
	EndGlobalSection
	GlobalSection(SolutionProperties) = preSolution
		HideSolutionNode = FALSE
	EndGlobalSection
EndGlobal
