
Microsoft Visual Studio Solution File, Format Version 12.00
# Visual Studio 14
VisualStudioVersion = 14.0.25420.1
MinimumVisualStudioVersion = 10.0.40219.1
Project("{FAE04EC0-301F-11D3-BF4B-00C04F79EFBC}") = "CustomLogoNavigationPage.Android", "CustomLogoNavigationPage\CustomLogoNavigationPage.Android\CustomLogoNavigationPage.Android.csproj", "{753CED06-A647-4AF3-88DE-8442770A9387}"
EndProject
Project("{FAE04EC0-301F-11D3-BF4B-00C04F79EFBC}") = "CustomLogoNavigationPage", "CustomLogoNavigationPage\CustomLogoNavigationPage\CustomLogoNavigationPage.csproj", "{4059DC5D-714C-4ECA-9304-1AD851AD5317}"
EndProject
Project("{FAE04EC0-301F-11D3-BF4B-00C04F79EFBC}") = "CustomLogoNavigationPage.UWP", "CustomLogoNavigationPage\CustomLogoNavigationPage.UWP\CustomLogoNavigationPage.UWP.csproj", "{90EF152C-A794-46F7-BCBA-1852D7E774B0}"
EndProject
Project("{FAE04EC0-301F-11D3-BF4B-00C04F79EFBC}") = "CustomLogoNavigationPage.iOS", "CustomLogoNavigationPage\CustomLogoNavigationPage.iOS\CustomLogoNavigationPage.iOS.csproj", "{946FF944-F913-4892-BB73-CFAE463776E2}"
EndProject
Global
	GlobalSection(SolutionConfigurationPlatforms) = preSolution
		Ad-Hoc|Any CPU = Ad-Hoc|Any CPU
		Ad-Hoc|ARM = Ad-Hoc|ARM
		Ad-Hoc|iPhone = Ad-Hoc|iPhone
		Ad-Hoc|iPhoneSimulator = Ad-Hoc|iPhoneSimulator
		Ad-Hoc|x64 = Ad-Hoc|x64
		Ad-Hoc|x86 = Ad-Hoc|x86
		AppStore|Any CPU = AppStore|Any CPU
		AppStore|ARM = AppStore|ARM
		AppStore|iPhone = AppStore|iPhone
		AppStore|iPhoneSimulator = AppStore|iPhoneSimulator
		AppStore|x64 = AppStore|x64
		AppStore|x86 = AppStore|x86
		Debug|Any CPU = Debug|Any CPU
		Debug|ARM = Debug|ARM
		Debug|iPhone = Debug|iPhone
		Debug|iPhoneSimulator = Debug|iPhoneSimulator
		Debug|x64 = Debug|x64
		Debug|x86 = Debug|x86
		Release|Any CPU = Release|Any CPU
		Release|ARM = Release|ARM
		Release|iPhone = Release|iPhone
		Release|iPhoneSimulator = Release|iPhoneSimulator
		Release|x64 = Release|x64
		Release|x86 = Release|x86
	EndGlobalSection
	GlobalSection(ProjectConfigurationPlatforms) = postSolution
		{753CED06-A647-4AF3-88DE-8442770A9387}.Ad-Hoc|Any CPU.ActiveCfg = Release|Any CPU
		{753CED06-A647-4AF3-88DE-8442770A9387}.Ad-Hoc|Any CPU.Build.0 = Release|Any CPU
		{753CED06-A647-4AF3-88DE-8442770A9387}.Ad-Hoc|Any CPU.Deploy.0 = Release|Any CPU
		{753CED06-A647-4AF3-88DE-8442770A9387}.Ad-Hoc|ARM.ActiveCfg = Release|Any CPU
		{753CED06-A647-4AF3-88DE-8442770A9387}.Ad-Hoc|ARM.Build.0 = Release|Any CPU
		{753CED06-A647-4AF3-88DE-8442770A9387}.Ad-Hoc|ARM.Deploy.0 = Release|Any CPU
		{753CED06-A647-4AF3-88DE-8442770A9387}.Ad-Hoc|iPhone.ActiveCfg = Release|Any CPU
		{753CED06-A647-4AF3-88DE-8442770A9387}.Ad-Hoc|iPhone.Build.0 = Release|Any CPU
		{753CED06-A647-4AF3-88DE-8442770A9387}.Ad-Hoc|iPhone.Deploy.0 = Release|Any CPU
		{753CED06-A647-4AF3-88DE-8442770A9387}.Ad-Hoc|iPhoneSimulator.ActiveCfg = Release|Any CPU
		{753CED06-A647-4AF3-88DE-8442770A9387}.Ad-Hoc|iPhoneSimulator.Build.0 = Release|Any CPU
		{753CED06-A647-4AF3-88DE-8442770A9387}.Ad-Hoc|iPhoneSimulator.Deploy.0 = Release|Any CPU
		{753CED06-A647-4AF3-88DE-8442770A9387}.Ad-Hoc|x64.ActiveCfg = Release|Any CPU
		{753CED06-A647-4AF3-88DE-8442770A9387}.Ad-Hoc|x64.Build.0 = Release|Any CPU
		{753CED06-A647-4AF3-88DE-8442770A9387}.Ad-Hoc|x64.Deploy.0 = Release|Any CPU
		{753CED06-A647-4AF3-88DE-8442770A9387}.Ad-Hoc|x86.ActiveCfg = Release|Any CPU
		{753CED06-A647-4AF3-88DE-8442770A9387}.Ad-Hoc|x86.Build.0 = Release|Any CPU
		{753CED06-A647-4AF3-88DE-8442770A9387}.Ad-Hoc|x86.Deploy.0 = Release|Any CPU
		{753CED06-A647-4AF3-88DE-8442770A9387}.AppStore|Any CPU.ActiveCfg = Release|Any CPU
		{753CED06-A647-4AF3-88DE-8442770A9387}.AppStore|Any CPU.Build.0 = Release|Any CPU
		{753CED06-A647-4AF3-88DE-8442770A9387}.AppStore|Any CPU.Deploy.0 = Release|Any CPU
		{753CED06-A647-4AF3-88DE-8442770A9387}.AppStore|ARM.ActiveCfg = Release|Any CPU
		{753CED06-A647-4AF3-88DE-8442770A9387}.AppStore|ARM.Build.0 = Release|Any CPU
		{753CED06-A647-4AF3-88DE-8442770A9387}.AppStore|ARM.Deploy.0 = Release|Any CPU
		{753CED06-A647-4AF3-88DE-8442770A9387}.AppStore|iPhone.ActiveCfg = Release|Any CPU
		{753CED06-A647-4AF3-88DE-8442770A9387}.AppStore|iPhone.Build.0 = Release|Any CPU
		{753CED06-A647-4AF3-88DE-8442770A9387}.AppStore|iPhone.Deploy.0 = Release|Any CPU
		{753CED06-A647-4AF3-88DE-8442770A9387}.AppStore|iPhoneSimulator.ActiveCfg = Release|Any CPU
		{753CED06-A647-4AF3-88DE-8442770A9387}.AppStore|iPhoneSimulator.Build.0 = Release|Any CPU
		{753CED06-A647-4AF3-88DE-8442770A9387}.AppStore|iPhoneSimulator.Deploy.0 = Release|Any CPU
		{753CED06-A647-4AF3-88DE-8442770A9387}.AppStore|x64.ActiveCfg = Release|Any CPU
		{753CED06-A647-4AF3-88DE-8442770A9387}.AppStore|x64.Build.0 = Release|Any CPU
		{753CED06-A647-4AF3-88DE-8442770A9387}.AppStore|x64.Deploy.0 = Release|Any CPU
		{753CED06-A647-4AF3-88DE-8442770A9387}.AppStore|x86.ActiveCfg = Release|Any CPU
		{753CED06-A647-4AF3-88DE-8442770A9387}.AppStore|x86.Build.0 = Release|Any CPU
		{753CED06-A647-4AF3-88DE-8442770A9387}.AppStore|x86.Deploy.0 = Release|Any CPU
		{753CED06-A647-4AF3-88DE-8442770A9387}.Debug|Any CPU.ActiveCfg = Debug|Any CPU
		{753CED06-A647-4AF3-88DE-8442770A9387}.Debug|Any CPU.Build.0 = Debug|Any CPU
		{753CED06-A647-4AF3-88DE-8442770A9387}.Debug|Any CPU.Deploy.0 = Debug|Any CPU
		{753CED06-A647-4AF3-88DE-8442770A9387}.Debug|ARM.ActiveCfg = Debug|Any CPU
		{753CED06-A647-4AF3-88DE-8442770A9387}.Debug|ARM.Build.0 = Debug|Any CPU
		{753CED06-A647-4AF3-88DE-8442770A9387}.Debug|ARM.Deploy.0 = Debug|Any CPU
		{753CED06-A647-4AF3-88DE-8442770A9387}.Debug|iPhone.ActiveCfg = Debug|Any CPU
		{753CED06-A647-4AF3-88DE-8442770A9387}.Debug|iPhone.Build.0 = Debug|Any CPU
		{753CED06-A647-4AF3-88DE-8442770A9387}.Debug|iPhone.Deploy.0 = Debug|Any CPU
		{753CED06-A647-4AF3-88DE-8442770A9387}.Debug|iPhoneSimulator.ActiveCfg = Debug|Any CPU
		{753CED06-A647-4AF3-88DE-8442770A9387}.Debug|iPhoneSimulator.Build.0 = Debug|Any CPU
		{753CED06-A647-4AF3-88DE-8442770A9387}.Debug|iPhoneSimulator.Deploy.0 = Debug|Any CPU
		{753CED06-A647-4AF3-88DE-8442770A9387}.Debug|x64.ActiveCfg = Debug|Any CPU
		{753CED06-A647-4AF3-88DE-8442770A9387}.Debug|x64.Build.0 = Debug|Any CPU
		{753CED06-A647-4AF3-88DE-8442770A9387}.Debug|x64.Deploy.0 = Debug|Any CPU
		{753CED06-A647-4AF3-88DE-8442770A9387}.Debug|x86.ActiveCfg = Debug|Any CPU
		{753CED06-A647-4AF3-88DE-8442770A9387}.Debug|x86.Build.0 = Debug|Any CPU
		{753CED06-A647-4AF3-88DE-8442770A9387}.Debug|x86.Deploy.0 = Debug|Any CPU
		{753CED06-A647-4AF3-88DE-8442770A9387}.Release|Any CPU.ActiveCfg = Release|Any CPU
		{753CED06-A647-4AF3-88DE-8442770A9387}.Release|Any CPU.Build.0 = Release|Any CPU
		{753CED06-A647-4AF3-88DE-8442770A9387}.Release|Any CPU.Deploy.0 = Release|Any CPU
		{753CED06-A647-4AF3-88DE-8442770A9387}.Release|ARM.ActiveCfg = Release|Any CPU
		{753CED06-A647-4AF3-88DE-8442770A9387}.Release|ARM.Build.0 = Release|Any CPU
		{753CED06-A647-4AF3-88DE-8442770A9387}.Release|ARM.Deploy.0 = Release|Any CPU
		{753CED06-A647-4AF3-88DE-8442770A9387}.Release|iPhone.ActiveCfg = Release|Any CPU
		{753CED06-A647-4AF3-88DE-8442770A9387}.Release|iPhone.Build.0 = Release|Any CPU
		{753CED06-A647-4AF3-88DE-8442770A9387}.Release|iPhone.Deploy.0 = Release|Any CPU
		{753CED06-A647-4AF3-88DE-8442770A9387}.Release|iPhoneSimulator.ActiveCfg = Release|Any CPU
		{753CED06-A647-4AF3-88DE-8442770A9387}.Release|iPhoneSimulator.Build.0 = Release|Any CPU
		{753CED06-A647-4AF3-88DE-8442770A9387}.Release|iPhoneSimulator.Deploy.0 = Release|Any CPU
		{753CED06-A647-4AF3-88DE-8442770A9387}.Release|x64.ActiveCfg = Release|Any CPU
		{753CED06-A647-4AF3-88DE-8442770A9387}.Release|x64.Build.0 = Release|Any CPU
		{753CED06-A647-4AF3-88DE-8442770A9387}.Release|x64.Deploy.0 = Release|Any CPU
		{753CED06-A647-4AF3-88DE-8442770A9387}.Release|x86.ActiveCfg = Release|Any CPU
		{753CED06-A647-4AF3-88DE-8442770A9387}.Release|x86.Build.0 = Release|Any CPU
		{753CED06-A647-4AF3-88DE-8442770A9387}.Release|x86.Deploy.0 = Release|Any CPU
		{4059DC5D-714C-4ECA-9304-1AD851AD5317}.Ad-Hoc|Any CPU.ActiveCfg = Release|Any CPU
		{4059DC5D-714C-4ECA-9304-1AD851AD5317}.Ad-Hoc|Any CPU.Build.0 = Release|Any CPU
		{4059DC5D-714C-4ECA-9304-1AD851AD5317}.Ad-Hoc|ARM.ActiveCfg = Release|Any CPU
		{4059DC5D-714C-4ECA-9304-1AD851AD5317}.Ad-Hoc|ARM.Build.0 = Release|Any CPU
		{4059DC5D-714C-4ECA-9304-1AD851AD5317}.Ad-Hoc|iPhone.ActiveCfg = Release|Any CPU
		{4059DC5D-714C-4ECA-9304-1AD851AD5317}.Ad-Hoc|iPhone.Build.0 = Release|Any CPU
		{4059DC5D-714C-4ECA-9304-1AD851AD5317}.Ad-Hoc|iPhoneSimulator.ActiveCfg = Release|Any CPU
		{4059DC5D-714C-4ECA-9304-1AD851AD5317}.Ad-Hoc|iPhoneSimulator.Build.0 = Release|Any CPU
		{4059DC5D-714C-4ECA-9304-1AD851AD5317}.Ad-Hoc|x64.ActiveCfg = Release|Any CPU
		{4059DC5D-714C-4ECA-9304-1AD851AD5317}.Ad-Hoc|x64.Build.0 = Release|Any CPU
		{4059DC5D-714C-4ECA-9304-1AD851AD5317}.Ad-Hoc|x86.ActiveCfg = Release|Any CPU
		{4059DC5D-714C-4ECA-9304-1AD851AD5317}.Ad-Hoc|x86.Build.0 = Release|Any CPU
		{4059DC5D-714C-4ECA-9304-1AD851AD5317}.AppStore|Any CPU.ActiveCfg = Release|Any CPU
		{4059DC5D-714C-4ECA-9304-1AD851AD5317}.AppStore|Any CPU.Build.0 = Release|Any CPU
		{4059DC5D-714C-4ECA-9304-1AD851AD5317}.AppStore|ARM.ActiveCfg = Release|Any CPU
		{4059DC5D-714C-4ECA-9304-1AD851AD5317}.AppStore|ARM.Build.0 = Release|Any CPU
		{4059DC5D-714C-4ECA-9304-1AD851AD5317}.AppStore|iPhone.ActiveCfg = Release|Any CPU
		{4059DC5D-714C-4ECA-9304-1AD851AD5317}.AppStore|iPhone.Build.0 = Release|Any CPU
		{4059DC5D-714C-4ECA-9304-1AD851AD5317}.AppStore|iPhoneSimulator.ActiveCfg = Release|Any CPU
		{4059DC5D-714C-4ECA-9304-1AD851AD5317}.AppStore|iPhoneSimulator.Build.0 = Release|Any CPU
		{4059DC5D-714C-4ECA-9304-1AD851AD5317}.AppStore|x64.ActiveCfg = Release|Any CPU
		{4059DC5D-714C-4ECA-9304-1AD851AD5317}.AppStore|x64.Build.0 = Release|Any CPU
		{4059DC5D-714C-4ECA-9304-1AD851AD5317}.AppStore|x86.ActiveCfg = Release|Any CPU
		{4059DC5D-714C-4ECA-9304-1AD851AD5317}.AppStore|x86.Build.0 = Release|Any CPU
		{4059DC5D-714C-4ECA-9304-1AD851AD5317}.Debug|Any CPU.ActiveCfg = Debug|Any CPU
		{4059DC5D-714C-4ECA-9304-1AD851AD5317}.Debug|Any CPU.Build.0 = Debug|Any CPU
		{4059DC5D-714C-4ECA-9304-1AD851AD5317}.Debug|ARM.ActiveCfg = Debug|Any CPU
		{4059DC5D-714C-4ECA-9304-1AD851AD5317}.Debug|ARM.Build.0 = Debug|Any CPU
		{4059DC5D-714C-4ECA-9304-1AD851AD5317}.Debug|iPhone.ActiveCfg = Debug|Any CPU
		{4059DC5D-714C-4ECA-9304-1AD851AD5317}.Debug|iPhone.Build.0 = Debug|Any CPU
		{4059DC5D-714C-4ECA-9304-1AD851AD5317}.Debug|iPhoneSimulator.ActiveCfg = Debug|Any CPU
		{4059DC5D-714C-4ECA-9304-1AD851AD5317}.Debug|iPhoneSimulator.Build.0 = Debug|Any CPU
		{4059DC5D-714C-4ECA-9304-1AD851AD5317}.Debug|x64.ActiveCfg = Debug|Any CPU
		{4059DC5D-714C-4ECA-9304-1AD851AD5317}.Debug|x64.Build.0 = Debug|Any CPU
		{4059DC5D-714C-4ECA-9304-1AD851AD5317}.Debug|x86.ActiveCfg = Debug|Any CPU
		{4059DC5D-714C-4ECA-9304-1AD851AD5317}.Debug|x86.Build.0 = Debug|Any CPU
		{4059DC5D-714C-4ECA-9304-1AD851AD5317}.Release|Any CPU.ActiveCfg = Release|Any CPU
		{4059DC5D-714C-4ECA-9304-1AD851AD5317}.Release|Any CPU.Build.0 = Release|Any CPU
		{4059DC5D-714C-4ECA-9304-1AD851AD5317}.Release|ARM.ActiveCfg = Release|Any CPU
		{4059DC5D-714C-4ECA-9304-1AD851AD5317}.Release|ARM.Build.0 = Release|Any CPU
		{4059DC5D-714C-4ECA-9304-1AD851AD5317}.Release|iPhone.ActiveCfg = Release|Any CPU
		{4059DC5D-714C-4ECA-9304-1AD851AD5317}.Release|iPhone.Build.0 = Release|Any CPU
		{4059DC5D-714C-4ECA-9304-1AD851AD5317}.Release|iPhoneSimulator.ActiveCfg = Release|Any CPU
		{4059DC5D-714C-4ECA-9304-1AD851AD5317}.Release|iPhoneSimulator.Build.0 = Release|Any CPU
		{4059DC5D-714C-4ECA-9304-1AD851AD5317}.Release|x64.ActiveCfg = Release|Any CPU
		{4059DC5D-714C-4ECA-9304-1AD851AD5317}.Release|x64.Build.0 = Release|Any CPU
		{4059DC5D-714C-4ECA-9304-1AD851AD5317}.Release|x86.ActiveCfg = Release|Any CPU
		{4059DC5D-714C-4ECA-9304-1AD851AD5317}.Release|x86.Build.0 = Release|Any CPU
		{90EF152C-A794-46F7-BCBA-1852D7E774B0}.Ad-Hoc|Any CPU.ActiveCfg = Release|x86
		{90EF152C-A794-46F7-BCBA-1852D7E774B0}.Ad-Hoc|Any CPU.Build.0 = Release|x86
		{90EF152C-A794-46F7-BCBA-1852D7E774B0}.Ad-Hoc|Any CPU.Deploy.0 = Release|x86
		{90EF152C-A794-46F7-BCBA-1852D7E774B0}.Ad-Hoc|ARM.ActiveCfg = Release|ARM
		{90EF152C-A794-46F7-BCBA-1852D7E774B0}.Ad-Hoc|ARM.Build.0 = Release|ARM
		{90EF152C-A794-46F7-BCBA-1852D7E774B0}.Ad-Hoc|ARM.Deploy.0 = Release|ARM
		{90EF152C-A794-46F7-BCBA-1852D7E774B0}.Ad-Hoc|iPhone.ActiveCfg = Release|x86
		{90EF152C-A794-46F7-BCBA-1852D7E774B0}.Ad-Hoc|iPhone.Build.0 = Release|x86
		{90EF152C-A794-46F7-BCBA-1852D7E774B0}.Ad-Hoc|iPhone.Deploy.0 = Release|x86
		{90EF152C-A794-46F7-BCBA-1852D7E774B0}.Ad-Hoc|iPhoneSimulator.ActiveCfg = Release|x86
		{90EF152C-A794-46F7-BCBA-1852D7E774B0}.Ad-Hoc|iPhoneSimulator.Build.0 = Release|x86
		{90EF152C-A794-46F7-BCBA-1852D7E774B0}.Ad-Hoc|iPhoneSimulator.Deploy.0 = Release|x86
		{90EF152C-A794-46F7-BCBA-1852D7E774B0}.Ad-Hoc|x64.ActiveCfg = Release|x64
		{90EF152C-A794-46F7-BCBA-1852D7E774B0}.Ad-Hoc|x64.Build.0 = Release|x64
		{90EF152C-A794-46F7-BCBA-1852D7E774B0}.Ad-Hoc|x64.Deploy.0 = Release|x64
		{90EF152C-A794-46F7-BCBA-1852D7E774B0}.Ad-Hoc|x86.ActiveCfg = Release|x86
		{90EF152C-A794-46F7-BCBA-1852D7E774B0}.Ad-Hoc|x86.Build.0 = Release|x86
		{90EF152C-A794-46F7-BCBA-1852D7E774B0}.Ad-Hoc|x86.Deploy.0 = Release|x86
		{90EF152C-A794-46F7-BCBA-1852D7E774B0}.AppStore|Any CPU.ActiveCfg = Release|x86
		{90EF152C-A794-46F7-BCBA-1852D7E774B0}.AppStore|Any CPU.Build.0 = Release|x86
		{90EF152C-A794-46F7-BCBA-1852D7E774B0}.AppStore|Any CPU.Deploy.0 = Release|x86
		{90EF152C-A794-46F7-BCBA-1852D7E774B0}.AppStore|ARM.ActiveCfg = Release|ARM
		{90EF152C-A794-46F7-BCBA-1852D7E774B0}.AppStore|ARM.Build.0 = Release|ARM
		{90EF152C-A794-46F7-BCBA-1852D7E774B0}.AppStore|ARM.Deploy.0 = Release|ARM
		{90EF152C-A794-46F7-BCBA-1852D7E774B0}.AppStore|iPhone.ActiveCfg = Release|x86
		{90EF152C-A794-46F7-BCBA-1852D7E774B0}.AppStore|iPhone.Build.0 = Release|x86
		{90EF152C-A794-46F7-BCBA-1852D7E774B0}.AppStore|iPhone.Deploy.0 = Release|x86
		{90EF152C-A794-46F7-BCBA-1852D7E774B0}.AppStore|iPhoneSimulator.ActiveCfg = Release|x86
		{90EF152C-A794-46F7-BCBA-1852D7E774B0}.AppStore|iPhoneSimulator.Build.0 = Release|x86
		{90EF152C-A794-46F7-BCBA-1852D7E774B0}.AppStore|iPhoneSimulator.Deploy.0 = Release|x86
		{90EF152C-A794-46F7-BCBA-1852D7E774B0}.AppStore|x64.ActiveCfg = Release|x64
		{90EF152C-A794-46F7-BCBA-1852D7E774B0}.AppStore|x64.Build.0 = Release|x64
		{90EF152C-A794-46F7-BCBA-1852D7E774B0}.AppStore|x64.Deploy.0 = Release|x64
		{90EF152C-A794-46F7-BCBA-1852D7E774B0}.AppStore|x86.ActiveCfg = Release|x86
		{90EF152C-A794-46F7-BCBA-1852D7E774B0}.AppStore|x86.Build.0 = Release|x86
		{90EF152C-A794-46F7-BCBA-1852D7E774B0}.AppStore|x86.Deploy.0 = Release|x86
		{90EF152C-A794-46F7-BCBA-1852D7E774B0}.Debug|Any CPU.ActiveCfg = Debug|x86
		{90EF152C-A794-46F7-BCBA-1852D7E774B0}.Debug|Any CPU.Build.0 = Debug|x86
		{90EF152C-A794-46F7-BCBA-1852D7E774B0}.Debug|Any CPU.Deploy.0 = Debug|x86
		{90EF152C-A794-46F7-BCBA-1852D7E774B0}.Debug|ARM.ActiveCfg = Debug|ARM
		{90EF152C-A794-46F7-BCBA-1852D7E774B0}.Debug|ARM.Build.0 = Debug|ARM
		{90EF152C-A794-46F7-BCBA-1852D7E774B0}.Debug|ARM.Deploy.0 = Debug|ARM
		{90EF152C-A794-46F7-BCBA-1852D7E774B0}.Debug|iPhone.ActiveCfg = Debug|x86
		{90EF152C-A794-46F7-BCBA-1852D7E774B0}.Debug|iPhoneSimulator.ActiveCfg = Debug|x86
		{90EF152C-A794-46F7-BCBA-1852D7E774B0}.Debug|x64.ActiveCfg = Debug|x64
		{90EF152C-A794-46F7-BCBA-1852D7E774B0}.Debug|x64.Build.0 = Debug|x64
		{90EF152C-A794-46F7-BCBA-1852D7E774B0}.Debug|x64.Deploy.0 = Debug|x64
		{90EF152C-A794-46F7-BCBA-1852D7E774B0}.Debug|x86.ActiveCfg = Debug|x86
		{90EF152C-A794-46F7-BCBA-1852D7E774B0}.Debug|x86.Build.0 = Debug|x86
		{90EF152C-A794-46F7-BCBA-1852D7E774B0}.Debug|x86.Deploy.0 = Debug|x86
		{90EF152C-A794-46F7-BCBA-1852D7E774B0}.Release|Any CPU.ActiveCfg = Release|x86
		{90EF152C-A794-46F7-BCBA-1852D7E774B0}.Release|ARM.ActiveCfg = Release|ARM
		{90EF152C-A794-46F7-BCBA-1852D7E774B0}.Release|ARM.Build.0 = Release|ARM
		{90EF152C-A794-46F7-BCBA-1852D7E774B0}.Release|ARM.Deploy.0 = Release|ARM
		{90EF152C-A794-46F7-BCBA-1852D7E774B0}.Release|iPhone.ActiveCfg = Release|x86
		{90EF152C-A794-46F7-BCBA-1852D7E774B0}.Release|iPhoneSimulator.ActiveCfg = Release|x86
		{90EF152C-A794-46F7-BCBA-1852D7E774B0}.Release|x64.ActiveCfg = Release|x64
		{90EF152C-A794-46F7-BCBA-1852D7E774B0}.Release|x64.Build.0 = Release|x64
		{90EF152C-A794-46F7-BCBA-1852D7E774B0}.Release|x64.Deploy.0 = Release|x64
		{90EF152C-A794-46F7-BCBA-1852D7E774B0}.Release|x86.ActiveCfg = Release|x86
		{90EF152C-A794-46F7-BCBA-1852D7E774B0}.Release|x86.Build.0 = Release|x86
		{90EF152C-A794-46F7-BCBA-1852D7E774B0}.Release|x86.Deploy.0 = Release|x86
		{946FF944-F913-4892-BB73-CFAE463776E2}.Ad-Hoc|Any CPU.ActiveCfg = Ad-Hoc|iPhone
		{946FF944-F913-4892-BB73-CFAE463776E2}.Ad-Hoc|ARM.ActiveCfg = Ad-Hoc|iPhone
		{946FF944-F913-4892-BB73-CFAE463776E2}.Ad-Hoc|iPhone.ActiveCfg = Ad-Hoc|iPhone
		{946FF944-F913-4892-BB73-CFAE463776E2}.Ad-Hoc|iPhone.Build.0 = Ad-Hoc|iPhone
		{946FF944-F913-4892-BB73-CFAE463776E2}.Ad-Hoc|iPhoneSimulator.ActiveCfg = Ad-Hoc|iPhoneSimulator
		{946FF944-F913-4892-BB73-CFAE463776E2}.Ad-Hoc|iPhoneSimulator.Build.0 = Ad-Hoc|iPhoneSimulator
		{946FF944-F913-4892-BB73-CFAE463776E2}.Ad-Hoc|x64.ActiveCfg = Ad-Hoc|iPhone
		{946FF944-F913-4892-BB73-CFAE463776E2}.Ad-Hoc|x86.ActiveCfg = Ad-Hoc|iPhone
		{946FF944-F913-4892-BB73-CFAE463776E2}.AppStore|Any CPU.ActiveCfg = AppStore|iPhone
		{946FF944-F913-4892-BB73-CFAE463776E2}.AppStore|ARM.ActiveCfg = AppStore|iPhone
		{946FF944-F913-4892-BB73-CFAE463776E2}.AppStore|iPhone.ActiveCfg = AppStore|iPhone
		{946FF944-F913-4892-BB73-CFAE463776E2}.AppStore|iPhone.Build.0 = AppStore|iPhone
		{946FF944-F913-4892-BB73-CFAE463776E2}.AppStore|iPhoneSimulator.ActiveCfg = AppStore|iPhoneSimulator
		{946FF944-F913-4892-BB73-CFAE463776E2}.AppStore|iPhoneSimulator.Build.0 = AppStore|iPhoneSimulator
		{946FF944-F913-4892-BB73-CFAE463776E2}.AppStore|x64.ActiveCfg = AppStore|iPhone
		{946FF944-F913-4892-BB73-CFAE463776E2}.AppStore|x86.ActiveCfg = AppStore|iPhone
		{946FF944-F913-4892-BB73-CFAE463776E2}.Debug|Any CPU.ActiveCfg = Debug|iPhone
		{946FF944-F913-4892-BB73-CFAE463776E2}.Debug|Any CPU.Build.0 = Debug|iPhone
		{946FF944-F913-4892-BB73-CFAE463776E2}.Debug|ARM.ActiveCfg = Debug|iPhone
		{946FF944-F913-4892-BB73-CFAE463776E2}.Debug|iPhone.ActiveCfg = Debug|iPhone
		{946FF944-F913-4892-BB73-CFAE463776E2}.Debug|iPhone.Build.0 = Debug|iPhone
		{946FF944-F913-4892-BB73-CFAE463776E2}.Debug|iPhoneSimulator.ActiveCfg = Debug|iPhoneSimulator
		{946FF944-F913-4892-BB73-CFAE463776E2}.Debug|iPhoneSimulator.Build.0 = Debug|iPhoneSimulator
		{946FF944-F913-4892-BB73-CFAE463776E2}.Debug|x64.ActiveCfg = Debug|iPhone
		{946FF944-F913-4892-BB73-CFAE463776E2}.Debug|x86.ActiveCfg = Debug|iPhone
		{946FF944-F913-4892-BB73-CFAE463776E2}.Release|Any CPU.ActiveCfg = Release|iPhone
		{946FF944-F913-4892-BB73-CFAE463776E2}.Release|ARM.ActiveCfg = Release|iPhone
		{946FF944-F913-4892-BB73-CFAE463776E2}.Release|iPhone.ActiveCfg = Release|iPhone
		{946FF944-F913-4892-BB73-CFAE463776E2}.Release|iPhone.Build.0 = Release|iPhone
		{946FF944-F913-4892-BB73-CFAE463776E2}.Release|iPhoneSimulator.ActiveCfg = Release|iPhoneSimulator
		{946FF944-F913-4892-BB73-CFAE463776E2}.Release|iPhoneSimulator.Build.0 = Release|iPhoneSimulator
		{946FF944-F913-4892-BB73-CFAE463776E2}.Release|x64.ActiveCfg = Release|iPhone
		{946FF944-F913-4892-BB73-CFAE463776E2}.Release|x86.ActiveCfg = Release|iPhone
	EndGlobalSection
	GlobalSection(SolutionProperties) = preSolution
		HideSolutionNode = FALSE
	EndGlobalSection
EndGlobal
